
Microsoft Visual Studio Solution File, Format Version 12.00
# Visual Studio Version 17
VisualStudioVersion = 17.0.31611.283
MinimumVisualStudioVersion = 10.0.40219.1
Project("{9A19103F-16F7-4668-BE54-9A1E7A4F7556}") = "Maui.DataGrid.Sample", "Maui.DataGrid.Sample\Maui.DataGrid.Sample.csproj", "{1A19A0CA-B02B-4DDB-B8F6-39FAAC6263E0}"
EndProject
Project("{9A19103F-16F7-4668-BE54-9A1E7A4F7556}") = "Maui.DataGrid", "Maui.DataGrid\Maui.DataGrid.csproj", "{3CAFEEB9-BB8E-40FE-B85B-F0ACD6A66429}"
EndProject
Project("{2150E333-8FDC-42A3-9474-1A3956D46DE8}") = "Root Files", "Root Files", "{175C8F2C-B5A2-4AAE-A858-2D4A1E8F073E}"
	ProjectSection(SolutionItems) = preProject
		.editorconfig = .editorconfig
		.gitattributes = .gitattributes
		.gitignore = .gitignore
		Directory.Build.props = Directory.Build.props
		LICENSE = LICENSE
		Maui.DataGrid.Sample.sln.DotSettings = Maui.DataGrid.Sample.sln.DotSettings
		README.md = README.md
		stylecop.json = stylecop.json
	EndProjectSection
EndProject
Global
	GlobalSection(SolutionConfigurationPlatforms) = preSolution
		Debug|Any CPU = Debug|Any CPU
		Release|Any CPU = Release|Any CPU
		Test|Any CPU = Test|Any CPU
	EndGlobalSection
	GlobalSection(ProjectConfigurationPlatforms) = postSolution
		{1A19A0CA-B02B-4DDB-B8F6-39FAAC6263E0}.Debug|Any CPU.ActiveCfg = Debug|Any CPU
		{1A19A0CA-B02B-4DDB-B8F6-39FAAC6263E0}.Debug|Any CPU.Build.0 = Debug|Any CPU
		{1A19A0CA-B02B-4DDB-B8F6-39FAAC6263E0}.Debug|Any CPU.Deploy.0 = Debug|Any CPU
		{1A19A0CA-B02B-4DDB-B8F6-39FAAC6263E0}.Release|Any CPU.ActiveCfg = Release|Any CPU
		{1A19A0CA-B02B-4DDB-B8F6-39FAAC6263E0}.Release|Any CPU.Build.0 = Release|Any CPU
		{1A19A0CA-B02B-4DDB-B8F6-39FAAC6263E0}.Release|Any CPU.Deploy.0 = Release|Any CPU
		{1A19A0CA-B02B-4DDB-B8F6-39FAAC6263E0}.Test|Any CPU.ActiveCfg = Test|Any CPU
		{1A19A0CA-B02B-4DDB-B8F6-39FAAC6263E0}.Test|Any CPU.Build.0 = Test|Any CPU
		{1A19A0CA-B02B-4DDB-B8F6-39FAAC6263E0}.Test|Any CPU.Deploy.0 = Test|Any CPU
		{3CAFEEB9-BB8E-40FE-B85B-F0ACD6A66429}.Debug|Any CPU.ActiveCfg = Debug|Any CPU
		{3CAFEEB9-BB8E-40FE-B85B-F0ACD6A66429}.Debug|Any CPU.Build.0 = Debug|Any CPU
		{3CAFEEB9-BB8E-40FE-B85B-F0ACD6A66429}.Release|Any CPU.ActiveCfg = Release|Any CPU
		{3CAFEEB9-BB8E-40FE-B85B-F0ACD6A66429}.Release|Any CPU.Build.0 = Release|Any CPU
		{3CAFEEB9-BB8E-40FE-B85B-F0ACD6A66429}.Test|Any CPU.ActiveCfg = Test|Any CPU
		{3CAFEEB9-BB8E-40FE-B85B-F0ACD6A66429}.Test|Any CPU.Build.0 = Test|Any CPU
	EndGlobalSection
	GlobalSection(SolutionProperties) = preSolution
		HideSolutionNode = FALSE
	EndGlobalSection
	GlobalSection(ExtensibilityGlobals) = postSolution
		SolutionGuid = {61F7FB11-1E47-470C-91E2-47F8143E1572}
	EndGlobalSection
EndGlobal
